{
  "name": "bob-the-craftmen",
  "version": "1.0.0",
  "lockfileVersion": 1,
  "requires": true,
  "dependencies": {
    "argparse": {
      "version": "1.0.10",
      "resolved": "https://registry.npmjs.org/argparse/-/argparse-1.0.10.tgz",
      "integrity": "sha512-o5Roy6tNG4SL/FOkCAN6RzjiakZS25RLYFrcMttJqbdd8BWrnA+fGz57iN5Pb06pvBGvl5gQ0B48dJlslXvoTg==",
      "requires": {
        "sprintf-js": "~1.0.2"
      }
    },
    "bail": {
      "version": "1.0.4",
      "resolved": "https://registry.npmjs.org/bail/-/bail-1.0.4.tgz",
      "integrity": "sha512-S8vuDB4w6YpRhICUDET3guPlQpaJl7od94tpZ0Fvnyp+MKW/HyDTcRDck+29C9g+d/qQHnddRH3+94kZdrW0Ww=="
    },
    "boolbase": {
      "version": "1.0.0",
      "resolved": "https://registry.npmjs.org/boolbase/-/boolbase-1.0.0.tgz",
      "integrity": "sha1-aN/1++YMUes3cl6p4+0xDcwed24="
    },
    "ccount": {
      "version": "1.0.4",
      "resolved": "https://registry.npmjs.org/ccount/-/ccount-1.0.4.tgz",
      "integrity": "sha512-fpZ81yYfzentuieinmGnphk0pLkOTMm6MZdVqwd77ROvhko6iujLNGrHH5E7utq3ygWklwfmwuG+A7P+NpqT6w=="
    },
    "character-entities": {
      "version": "1.2.3",
      "resolved": "https://registry.npmjs.org/character-entities/-/character-entities-1.2.3.tgz",
      "integrity": "sha512-yB4oYSAa9yLcGyTbB4ItFwHw43QHdH129IJ5R+WvxOkWlyFnR5FAaBNnUq4mcxsTVZGh28bHoeTHMKXH1wZf3w=="
    },
    "character-entities-html4": {
      "version": "1.1.3",
      "resolved": "https://registry.npmjs.org/character-entities-html4/-/character-entities-html4-1.1.3.tgz",
      "integrity": "sha512-SwnyZ7jQBCRHELk9zf2CN5AnGEc2nA+uKMZLHvcqhpPprjkYhiLn0DywMHgN5ttFZuITMATbh68M6VIVKwJbcg=="
    },
    "character-entities-legacy": {
      "version": "1.1.3",
      "resolved": "https://registry.npmjs.org/character-entities-legacy/-/character-entities-legacy-1.1.3.tgz",
      "integrity": "sha512-YAxUpPoPwxYFsslbdKkhrGnXAtXoHNgYjlBM3WMXkWGTl5RsY3QmOyhwAgL8Nxm9l5LBThXGawxKPn68y6/fww=="
    },
    "character-reference-invalid": {
      "version": "1.1.3",
      "resolved": "https://registry.npmjs.org/character-reference-invalid/-/character-reference-invalid-1.1.3.tgz",
      "integrity": "sha512-VOq6PRzQBam/8Jm6XBGk2fNEnHXAdGd6go0rtd4weAGECBamHDwwCQSOT12TACIYUZegUXnV6xBXqUssijtxIg=="
    },
    "collapse-white-space": {
      "version": "1.0.5",
      "resolved": "https://registry.npmjs.org/collapse-white-space/-/collapse-white-space-1.0.5.tgz",
      "integrity": "sha512-703bOOmytCYAX9cXYqoikYIx6twmFCXsnzRQheBcTG3nzKYBR4P/+wkYeH+Mvj7qUz8zZDtdyzbxfnEi/kYzRQ=="
    },
    "css-selector-parser": {
      "version": "1.3.0",
      "resolved": "https://registry.npmjs.org/css-selector-parser/-/css-selector-parser-1.3.0.tgz",
      "integrity": "sha1-XxrUPi2O77/cME/NOaUhZklD4+s="
    },
    "esprima": {
      "version": "4.0.1",
      "resolved": "https://registry.npmjs.org/esprima/-/esprima-4.0.1.tgz",
      "integrity": "sha512-eGuFFw7Upda+g4p+QHvnW0RyTX/SVeJBDM/gCtMARO0cLuT2HcEKnTPvhjV6aGeqrCB/sbNop0Kszm0jsaWU4A=="
    },
    "extend": {
      "version": "3.0.2",
      "resolved": "https://registry.npmjs.org/extend/-/extend-3.0.2.tgz",
      "integrity": "sha512-fjquC59cD7CyW6urNXK0FBufkZcoiGG80wTuPujX590cB5Ttln20E2UB4S/WARVqhXffZl2LNgS+gQdPIIim/g=="
    },
    "function-bind": {
      "version": "1.1.1",
      "resolved": "https://registry.npmjs.org/function-bind/-/function-bind-1.1.1.tgz",
      "integrity": "sha512-yIovAzMX49sF8Yl58fSCWJ5svSLuaibPxXQJFLmBObTuCr0Mf1KiPopGM9NiFjiYBCbfaa2Fh6breQ6ANVTI0A=="
    },
    "has": {
      "version": "1.0.3",
      "resolved": "https://registry.npmjs.org/has/-/has-1.0.3.tgz",
      "integrity": "sha512-f2dvO0VU6Oej7RkWJGrehjbzMAjFp5/VKPp5tTpWIV4JHHZK1/BxbFRtf/siA2SWTe09caDmVtYYzWEIbBS4zw==",
      "requires": {
        "function-bind": "^1.1.1"
      }
    },
    "inherits": {
      "version": "2.0.4",
      "resolved": "https://registry.npmjs.org/inherits/-/inherits-2.0.4.tgz",
      "integrity": "sha512-k/vGaX4/Yla3WzyMCvTQOXYeIHvqOKtnqBduzTHpzpQZzAskKMhZ2K+EnBiSM9zGSoIFeMpXKxa4dYeZIQqewQ=="
    },
    "is-alphabetical": {
      "version": "1.0.3",
      "resolved": "https://registry.npmjs.org/is-alphabetical/-/is-alphabetical-1.0.3.tgz",
      "integrity": "sha512-eEMa6MKpHFzw38eKm56iNNi6GJ7lf6aLLio7Kr23sJPAECscgRtZvOBYybejWDQ2bM949Y++61PY+udzj5QMLA=="
    },
    "is-alphanumerical": {
      "version": "1.0.3",
      "resolved": "https://registry.npmjs.org/is-alphanumerical/-/is-alphanumerical-1.0.3.tgz",
      "integrity": "sha512-A1IGAPO5AW9vSh7omxIlOGwIqEvpW/TA+DksVOPM5ODuxKlZS09+TEM1E3275lJqO2oJ38vDpeAL3DCIiHE6eA==",
      "requires": {
        "is-alphabetical": "^1.0.0",
        "is-decimal": "^1.0.0"
      }
    },
    "is-decimal": {
      "version": "1.0.3",
      "resolved": "https://registry.npmjs.org/is-decimal/-/is-decimal-1.0.3.tgz",
      "integrity": "sha512-bvLSwoDg2q6Gf+E2LEPiklHZxxiSi3XAh4Mav65mKqTfCO1HM3uBs24TjEH8iJX3bbDdLXKJXBTmGzuTUuAEjQ=="
    },
    "is-hexadecimal": {
      "version": "1.0.3",
      "resolved": "https://registry.npmjs.org/is-hexadecimal/-/is-hexadecimal-1.0.3.tgz",
      "integrity": "sha512-zxQ9//Q3D/34poZf8fiy3m3XVpbQc7ren15iKqrTtLPwkPD/t3Scy9Imp63FujULGxuK0ZlCwoo5xNpktFgbOA=="
    },
    "jquery": {
      "version": "3.4.1",
      "resolved": "https://registry.npmjs.org/jquery/-/jquery-3.4.1.tgz",
      "integrity": "sha512-36+AdBzCL+y6qjw5Tx7HgzeGCzC81MDDgaUP8ld2zhx58HdqXGoBd+tHdrBMiyjGQs0Hxs/MLZTu/eHNJJuWPw=="
    },
    "js-yaml": {
      "version": "3.13.1",
      "resolved": "https://registry.npmjs.org/js-yaml/-/js-yaml-3.13.1.tgz",
      "integrity": "sha512-YfbcO7jXDdyj0DGxYVSlSeQNHbD7XPWvrVWeVUujrQEoZzWJIRrCPoyk6kL6IAjAG2IolMK4T0hNUe0HOUs5Jw==",
      "requires": {
        "argparse": "^1.0.7",
        "esprima": "^4.0.0"
      }
    },
    "lodash.iteratee": {
      "version": "4.7.0",
      "resolved": "https://registry.npmjs.org/lodash.iteratee/-/lodash.iteratee-4.7.0.tgz",
      "integrity": "sha1-vkF32yiajMw8CZDx2ya1si/BVUw="
    },
    "longest-streak": {
      "version": "1.0.0",
      "resolved": "https://registry.npmjs.org/longest-streak/-/longest-streak-1.0.0.tgz",
      "integrity": "sha1-0GWXxNTDG1LMsfXY+P5xSOr9aWU="
    },
    "markdown-table": {
      "version": "0.4.0",
      "resolved": "https://registry.npmjs.org/markdown-table/-/markdown-table-0.4.0.tgz",
      "integrity": "sha1-iQwsGzv+g/sA5BKbjkz+ZFJw+dE="
    },
    "not": {
      "version": "0.1.0",
      "resolved": "https://registry.npmjs.org/not/-/not-0.1.0.tgz",
      "integrity": "sha1-yWkcF0bFXc++VMvYvU/wQbwrUZ0="
    },
    "nth-check": {
      "version": "1.0.2",
      "resolved": "https://registry.npmjs.org/nth-check/-/nth-check-1.0.2.tgz",
      "integrity": "sha512-WeBOdju8SnzPN5vTUJYxYUxLeXpCaVP5i5e0LF8fg7WORF2Wd7wFX/pk0tYZk7s8T+J7VLy0Da6J1+wCT0AtHg==",
      "requires": {
        "boolbase": "~1.0.0"
      }
    },
    "once": {
      "version": "1.4.0",
      "resolved": "https://registry.npmjs.org/once/-/once-1.4.0.tgz",
      "integrity": "sha1-WDsap3WWHUsROsF9nFC6753Xa9E=",
      "requires": {
        "wrappy": "1"
      }
    },
    "parse-entities": {
      "version": "1.2.2",
      "resolved": "https://registry.npmjs.org/parse-entities/-/parse-entities-1.2.2.tgz",
      "integrity": "sha512-NzfpbxW/NPrzZ/yYSoQxyqUZMZXIdCfE0OIN4ESsnptHJECoUk3FZktxNuzQf4tjt5UEopnxpYJbvYuxIFDdsg==",
      "requires": {
        "character-entities": "^1.0.0",
        "character-entities-legacy": "^1.0.0",
        "character-reference-invalid": "^1.0.0",
        "is-alphanumerical": "^1.0.0",
        "is-decimal": "^1.0.0",
        "is-hexadecimal": "^1.0.0"
      }
    },
    "punycode": {
      "version": "2.1.1",
      "resolved": "https://registry.npmjs.org/punycode/-/punycode-2.1.1.tgz",
      "integrity": "sha512-XRsRjdf+j5ml+y/6GKHPZbrF/8p2Yga0JPtdqTIY2Xe5ohJPD9saDJJLPvp9+NSBprVvevdXZybnj2cv8OEd0A=="
    },
    "remark": {
      "version": "5.1.0",
      "resolved": "https://registry.npmjs.org/remark/-/remark-5.1.0.tgz",
      "integrity": "sha1-y0Y709vLS5l5STXu4c9x16jjBow=",
      "requires": {
        "remark-parse": "^1.1.0",
        "remark-stringify": "^1.1.0",
        "unified": "^4.1.1"
      }
    },
    "remark-parse": {
      "version": "1.1.0",
      "resolved": "https://registry.npmjs.org/remark-parse/-/remark-parse-1.1.0.tgz",
      "integrity": "sha1-w8oQ+ajaBGFcKPCapOMEUQUm7CE=",
      "requires": {
        "collapse-white-space": "^1.0.0",
        "extend": "^3.0.0",
        "parse-entities": "^1.0.2",
        "repeat-string": "^1.5.4",
        "trim": "0.0.1",
        "trim-trailing-lines": "^1.0.0",
        "unherit": "^1.0.4",
        "unist-util-remove-position": "^1.0.0",
        "vfile-location": "^2.0.0"
      }
    },
    "remark-stringify": {
      "version": "1.1.0",
      "resolved": "https://registry.npmjs.org/remark-stringify/-/remark-stringify-1.1.0.tgz",
      "integrity": "sha1-pxBeJbnuK/mkm3XSxCPxGwauIJI=",
      "requires": {
        "ccount": "^1.0.0",
        "extend": "^3.0.0",
        "longest-streak": "^1.0.0",
        "markdown-table": "^0.4.0",
        "parse-entities": "^1.0.2",
        "repeat-string": "^1.5.4",
        "stringify-entities": "^1.0.1",
        "unherit": "^1.0.4"
      }
    },
    "repeat-string": {
      "version": "1.6.1",
      "resolved": "https://registry.npmjs.org/repeat-string/-/repeat-string-1.6.1.tgz",
      "integrity": "sha1-jcrkcOHIirwtYA//Sndihtp15jc="
    },
    "sprintf-js": {
      "version": "1.0.3",
      "resolved": "https://registry.npmjs.org/sprintf-js/-/sprintf-js-1.0.3.tgz",
      "integrity": "sha1-BOaSb2YolTVPPdAVIDYzuFcpfiw="
    },
    "stringify-entities": {
      "version": "1.3.2",
      "resolved": "https://registry.npmjs.org/stringify-entities/-/stringify-entities-1.3.2.tgz",
      "integrity": "sha512-nrBAQClJAPN2p+uGCVJRPIPakKeKWZ9GtBCmormE7pWOSlHat7+x5A8gx85M7HM5Dt0BP3pP5RhVW77WdbJJ3A==",
      "requires": {
        "character-entities-html4": "^1.0.0",
        "character-entities-legacy": "^1.0.0",
        "is-alphanumerical": "^1.0.0",
        "is-hexadecimal": "^1.0.0"
      }
    },
    "trim": {
      "version": "0.0.1",
      "resolved": "https://registry.npmjs.org/trim/-/trim-0.0.1.tgz",
      "integrity": "sha1-WFhUf2spB1fulczMZm+1AITEYN0="
    },
    "trim-trailing-lines": {
      "version": "1.1.2",
      "resolved": "https://registry.npmjs.org/trim-trailing-lines/-/trim-trailing-lines-1.1.2.tgz",
      "integrity": "sha512-MUjYItdrqqj2zpcHFTkMa9WAv4JHTI6gnRQGPFLrt5L9a6tRMiDnIqYl8JBvu2d2Tc3lWJKQwlGCp0K8AvCM+Q=="
    },
    "trough": {
      "version": "1.0.4",
      "resolved": "https://registry.npmjs.org/trough/-/trough-1.0.4.tgz",
      "integrity": "sha512-tdzBRDGWcI1OpPVmChbdSKhvSVurznZ8X36AYURAcl+0o2ldlCY2XPzyXNNxwJwwyIU+rIglTCG4kxtNKBQH7Q=="
    },
    "unherit": {
      "version": "1.1.2",
      "resolved": "https://registry.npmjs.org/unherit/-/unherit-1.1.2.tgz",
      "integrity": "sha512-W3tMnpaMG7ZY6xe/moK04U9fBhi6wEiCYHUW5Mop/wQHf12+79EQGwxYejNdhEz2mkqkBlGwm7pxmgBKMVUj0w==",
      "requires": {
        "inherits": "^2.0.1",
        "xtend": "^4.0.1"
      }
    },
    "unified": {
      "version": "4.2.1",
      "resolved": "https://registry.npmjs.org/unified/-/unified-4.2.1.tgz",
      "integrity": "sha1-dv9Dqo2kMPbn5KVchOusKtLPzS4=",
      "requires": {
        "bail": "^1.0.0",
        "extend": "^3.0.0",
        "has": "^1.0.1",
        "once": "^1.3.3",
        "trough": "^1.0.0",
        "vfile": "^1.0.0"
      }
    },
    "unist-util-find": {
      "version": "1.0.1",
      "resolved": "https://registry.npmjs.org/unist-util-find/-/unist-util-find-1.0.1.tgz",
      "integrity": "sha1-EGK7tpKMepfGrcibU3RdTEbCIqI=",
      "requires": {
        "lodash.iteratee": "^4.5.0",
        "remark": "^5.0.1",
        "unist-util-visit": "^1.1.0"
      }
    },
    "unist-util-is": {
      "version": "3.0.0",
      "resolved": "https://registry.npmjs.org/unist-util-is/-/unist-util-is-3.0.0.tgz",
      "integrity": "sha512-sVZZX3+kspVNmLWBPAB6r+7D9ZgAFPNWm66f7YNb420RlQSbn+n8rG8dGZSkrER7ZIXGQYNm5pqC3v3HopH24A=="
    },
    "unist-util-remove-position": {
      "version": "1.1.3",
      "resolved": "https://registry.npmjs.org/unist-util-remove-position/-/unist-util-remove-position-1.1.3.tgz",
      "integrity": "sha512-CtszTlOjP2sBGYc2zcKA/CvNdTdEs3ozbiJ63IPBxh8iZg42SCCb8m04f8z2+V1aSk5a7BxbZKEdoDjadmBkWA==",
      "requires": {
        "unist-util-visit": "^1.1.0"
      }
    },
    "unist-util-select": {
      "version": "2.0.2",
      "resolved": "https://registry.npmjs.org/unist-util-select/-/unist-util-select-2.0.2.tgz",
      "integrity": "sha512-Yv5Z5ShMxv7Z9Dw175tKvOiRVXV4FrMHG778DSD9Z0jALgb3wAx9DoeInr3200QlYp71rYUXzzJdCb76xKdrCw==",
      "requires": {
        "css-selector-parser": "^1.1.0",
        "not": "^0.1.0",
        "nth-check": "^1.0.1",
        "unist-util-is": "^3.0.0",
        "zwitch": "^1.0.3"
      }
    },
    "unist-util-visit": {
      "version": "1.4.1",
      "resolved": "https://registry.npmjs.org/unist-util-visit/-/unist-util-visit-1.4.1.tgz",
      "integrity": "sha512-AvGNk7Bb//EmJZyhtRUnNMEpId/AZ5Ph/KUpTI09WHQuDZHKovQ1oEv3mfmKpWKtoMzyMC4GLBm1Zy5k12fjIw==",
      "requires": {
        "unist-util-visit-parents": "^2.0.0"
      }
    },
    "unist-util-visit-parents": {
      "version": "2.1.2",
      "resolved": "https://registry.npmjs.org/unist-util-visit-parents/-/unist-util-visit-parents-2.1.2.tgz",
      "integrity": "sha512-DyN5vD4NE3aSeB+PXYNKxzGsfocxp6asDc2XXE3b0ekO2BaRUpBicbbUygfSvYfUz1IkmjFR1YF7dPklraMZ2g==",
      "requires": {
        "unist-util-is": "^3.0.0"
      }
    },
    "uri-js": {
      "version": "4.2.2",
      "resolved": "https://registry.npmjs.org/uri-js/-/uri-js-4.2.2.tgz",
      "integrity": "sha512-KY9Frmirql91X2Qgjry0Wd4Y+YTdrdZheS8TFwvkbLWf/G5KNJDCh6pKL5OZctEW4+0Baa5idK2ZQuELRwPznQ==",
      "requires": {
        "punycode": "^2.1.0"
      }
    },
    "vfile": {
      "version": "1.4.0",
      "resolved": "https://registry.npmjs.org/vfile/-/vfile-1.4.0.tgz",
      "integrity": "sha1-wP1vpIT43r23cfaMMe112I2pf+c="
    },
    "vfile-location": {
      "version": "2.0.5",
      "resolved": "https://registry.npmjs.org/vfile-location/-/vfile-location-2.0.5.tgz",
      "integrity": "sha512-Pa1ey0OzYBkLPxPZI3d9E+S4BmvfVwNAAXrrqGbwTVXWaX2p9kM1zZ+n35UtVM06shmWKH4RPRN8KI80qE3wNQ=="
    },
    "wrappy": {
      "version": "1.0.2",
      "resolved": "https://registry.npmjs.org/wrappy/-/wrappy-1.0.2.tgz",
      "integrity": "sha1-tSQ9jz7BqjXxNkYFvA0QNuMKtp8="
    },
    "xtend": {
      "version": "4.0.2",
      "resolved": "https://registry.npmjs.org/xtend/-/xtend-4.0.2.tgz",
      "integrity": "sha512-LKYU1iAXJXUgAXn9URjiu+MWhyUXHsvfp7mcuYm9dSUKK0/CjtrUwFAxD82/mCWbtLsGjFIad0wIsod4zrTAEQ=="
    },
    "zwitch": {
      "version": "1.0.4",
      "resolved": "https://registry.npmjs.org/zwitch/-/zwitch-1.0.4.tgz",
      "integrity": "sha512-YO803/X+13GNaZB7fVopjvHH0uWQKgJkgKnU1YCjxShjKGVuN9PPHHW8g+uFDpkHpSTNi3rCMKMewIcbC1BAYg=="
    }
  }
}
